
Microsoft Visual Studio Solution File, Format Version 12.00
# Visual Studio Version 16
VisualStudioVersion = 16.0.31624.102
MinimumVisualStudioVersion = 10.0.40219.1
Project("{888888A0-9F3D-457C-B088-3A5042F75D52}") = "DepremYardımSistemi", "DepremYardımSistemi\DepremYardımSistemi.pyproj", "{46E45BFD-CFBB-49CD-B3D3-8C0A00FE6C0D}"
EndProject
Global
	GlobalSection(SolutionConfigurationPlatforms) = preSolution
		Debug|Any CPU = Debug|Any CPU
		Release|Any CPU = Release|Any CPU
	EndGlobalSection
	GlobalSection(ProjectConfigurationPlatforms) = postSolution
		{46E45BFD-CFBB-49CD-B3D3-8C0A00FE6C0D}.Debug|Any CPU.ActiveCfg = Debug|Any CPU
		{46E45BFD-CFBB-49CD-B3D3-8C0A00FE6C0D}.Release|Any CPU.ActiveCfg = Release|Any CPU
	EndGlobalSection
	GlobalSection(SolutionProperties) = preSolution
		HideSolutionNode = FALSE
	EndGlobalSection
	GlobalSection(ExtensibilityGlobals) = postSolution
		SolutionGuid = {3A9E9491-5710-45FA-BA43-DFF3EC2FC5D6}
	EndGlobalSection
EndGlobal
